
Microsoft Visual Studio Solution File, Format Version 12.00
# Visual Studio 15
VisualStudioVersion = 15.0.26124.0
MinimumVisualStudioVersion = 15.0.26124.0
Project("{2150E333-8FDC-42A3-9474-1A3956D46DE8}") = "src", "src", "{50A3BF91-5181-4EC6-998D-AD0B155AA33B}"
EndProject
Project("{2150E333-8FDC-42A3-9474-1A3956D46DE8}") = "Solution Items", "Solution Items", "{4452FAFE-780E-4ECF-9E59-08B1E23B759D}"
	ProjectSection(SolutionItems) = preProject
		.gitignore = .gitignore
		deploy.cmd = deploy.cmd
		LICENSE = LICENSE
		README.md = README.md
		template\Startup\.template.config\template.json = template\Startup\.template.config\template.json
	EndProjectSection
EndProject
Project("{9A19103F-16F7-4668-BE54-9A1E7A4F7556}") = "Thunder", "src\Thunder\Thunder.csproj", "{16941987-F64D-469B-B271-18EC874F693D}"
EndProject
Project("{2150E333-8FDC-42A3-9474-1A3956D46DE8}") = "benchmarks", "benchmarks", "{43C1D0B5-DB75-467C-B381-0341C5C7940E}"
EndProject
Project("{9A19103F-16F7-4668-BE54-9A1E7A4F7556}") = "dotnetcore-thunder", "benchmarks\dotnetcore-thunder\dotnetcore-thunder.csproj", "{AA400815-A1DA-4EC7-BFA3-E3732189EA1F}"
EndProject
Project("{2150E333-8FDC-42A3-9474-1A3956D46DE8}") = "sample", "sample", "{A46D57CA-78A7-414D-AA96-CDBB54EC36B7}"
EndProject
Project("{9A19103F-16F7-4668-BE54-9A1E7A4F7556}") = "HelloWorld", "sample\HelloWorld\HelloWorld.csproj", "{F5569F72-1384-42FF-AEFA-522F28C271FF}"
EndProject
Project("{2150E333-8FDC-42A3-9474-1A3956D46DE8}") = "template", "template", "{4CE810D4-98F2-45B7-BDB2-003863E5F81E}"
EndProject
Project("{9A19103F-16F7-4668-BE54-9A1E7A4F7556}") = "Startup", "template\Startup\Startup.csproj", "{782A8C57-1DF5-4653-848A-BCD1799517F7}"
EndProject
Global
	GlobalSection(SolutionConfigurationPlatforms) = preSolution
		Debug|Any CPU = Debug|Any CPU
		Debug|x64 = Debug|x64
		Debug|x86 = Debug|x86
		Release|Any CPU = Release|Any CPU
		Release|x64 = Release|x64
		Release|x86 = Release|x86
	EndGlobalSection
	GlobalSection(ProjectConfigurationPlatforms) = postSolution
		{16941987-F64D-469B-B271-18EC874F693D}.Debug|Any CPU.ActiveCfg = Debug|Any CPU
		{16941987-F64D-469B-B271-18EC874F693D}.Debug|Any CPU.Build.0 = Debug|Any CPU
		{16941987-F64D-469B-B271-18EC874F693D}.Debug|x64.ActiveCfg = Debug|Any CPU
		{16941987-F64D-469B-B271-18EC874F693D}.Debug|x64.Build.0 = Debug|Any CPU
		{16941987-F64D-469B-B271-18EC874F693D}.Debug|x86.ActiveCfg = Debug|Any CPU
		{16941987-F64D-469B-B271-18EC874F693D}.Debug|x86.Build.0 = Debug|Any CPU
		{16941987-F64D-469B-B271-18EC874F693D}.Release|Any CPU.ActiveCfg = Release|Any CPU
		{16941987-F64D-469B-B271-18EC874F693D}.Release|Any CPU.Build.0 = Release|Any CPU
		{16941987-F64D-469B-B271-18EC874F693D}.Release|x64.ActiveCfg = Release|Any CPU
		{16941987-F64D-469B-B271-18EC874F693D}.Release|x64.Build.0 = Release|Any CPU
		{16941987-F64D-469B-B271-18EC874F693D}.Release|x86.ActiveCfg = Release|Any CPU
		{16941987-F64D-469B-B271-18EC874F693D}.Release|x86.Build.0 = Release|Any CPU
		{AA400815-A1DA-4EC7-BFA3-E3732189EA1F}.Debug|Any CPU.ActiveCfg = Debug|Any CPU
		{AA400815-A1DA-4EC7-BFA3-E3732189EA1F}.Debug|Any CPU.Build.0 = Debug|Any CPU
		{AA400815-A1DA-4EC7-BFA3-E3732189EA1F}.Debug|x64.ActiveCfg = Debug|Any CPU
		{AA400815-A1DA-4EC7-BFA3-E3732189EA1F}.Debug|x64.Build.0 = Debug|Any CPU
		{AA400815-A1DA-4EC7-BFA3-E3732189EA1F}.Debug|x86.ActiveCfg = Debug|Any CPU
		{AA400815-A1DA-4EC7-BFA3-E3732189EA1F}.Debug|x86.Build.0 = Debug|Any CPU
		{AA400815-A1DA-4EC7-BFA3-E3732189EA1F}.Release|Any CPU.ActiveCfg = Release|Any CPU
		{AA400815-A1DA-4EC7-BFA3-E3732189EA1F}.Release|Any CPU.Build.0 = Release|Any CPU
		{AA400815-A1DA-4EC7-BFA3-E3732189EA1F}.Release|x64.ActiveCfg = Release|Any CPU
		{AA400815-A1DA-4EC7-BFA3-E3732189EA1F}.Release|x64.Build.0 = Release|Any CPU
		{AA400815-A1DA-4EC7-BFA3-E3732189EA1F}.Release|x86.ActiveCfg = Release|Any CPU
		{AA400815-A1DA-4EC7-BFA3-E3732189EA1F}.Release|x86.Build.0 = Release|Any CPU
		{F5569F72-1384-42FF-AEFA-522F28C271FF}.Debug|Any CPU.ActiveCfg = Debug|Any CPU
		{F5569F72-1384-42FF-AEFA-522F28C271FF}.Debug|Any CPU.Build.0 = Debug|Any CPU
		{F5569F72-1384-42FF-AEFA-522F28C271FF}.Debug|x64.ActiveCfg = Debug|Any CPU
		{F5569F72-1384-42FF-AEFA-522F28C271FF}.Debug|x64.Build.0 = Debug|Any CPU
		{F5569F72-1384-42FF-AEFA-522F28C271FF}.Debug|x86.ActiveCfg = Debug|Any CPU
		{F5569F72-1384-42FF-AEFA-522F28C271FF}.Debug|x86.Build.0 = Debug|Any CPU
		{F5569F72-1384-42FF-AEFA-522F28C271FF}.Release|Any CPU.ActiveCfg = Release|Any CPU
		{F5569F72-1384-42FF-AEFA-522F28C271FF}.Release|Any CPU.Build.0 = Release|Any CPU
		{F5569F72-1384-42FF-AEFA-522F28C271FF}.Release|x64.ActiveCfg = Release|Any CPU
		{F5569F72-1384-42FF-AEFA-522F28C271FF}.Release|x64.Build.0 = Release|Any CPU
		{F5569F72-1384-42FF-AEFA-522F28C271FF}.Release|x86.ActiveCfg = Release|Any CPU
		{F5569F72-1384-42FF-AEFA-522F28C271FF}.Release|x86.Build.0 = Release|Any CPU
		{782A8C57-1DF5-4653-848A-BCD1799517F7}.Debug|Any CPU.ActiveCfg = Debug|Any CPU
		{782A8C57-1DF5-4653-848A-BCD1799517F7}.Debug|Any CPU.Build.0 = Debug|Any CPU
		{782A8C57-1DF5-4653-848A-BCD1799517F7}.Debug|x64.ActiveCfg = Debug|Any CPU
		{782A8C57-1DF5-4653-848A-BCD1799517F7}.Debug|x64.Build.0 = Debug|Any CPU
		{782A8C57-1DF5-4653-848A-BCD1799517F7}.Debug|x86.ActiveCfg = Debug|Any CPU
		{782A8C57-1DF5-4653-848A-BCD1799517F7}.Debug|x86.Build.0 = Debug|Any CPU
		{782A8C57-1DF5-4653-848A-BCD1799517F7}.Release|Any CPU.ActiveCfg = Release|Any CPU
		{782A8C57-1DF5-4653-848A-BCD1799517F7}.Release|Any CPU.Build.0 = Release|Any CPU
		{782A8C57-1DF5-4653-848A-BCD1799517F7}.Release|x64.ActiveCfg = Release|Any CPU
		{782A8C57-1DF5-4653-848A-BCD1799517F7}.Release|x64.Build.0 = Release|Any CPU
		{782A8C57-1DF5-4653-848A-BCD1799517F7}.Release|x86.ActiveCfg = Release|Any CPU
		{782A8C57-1DF5-4653-848A-BCD1799517F7}.Release|x86.Build.0 = Release|Any CPU
	EndGlobalSection
	GlobalSection(SolutionProperties) = preSolution
		HideSolutionNode = FALSE
	EndGlobalSection
	GlobalSection(NestedProjects) = preSolution
		{16941987-F64D-469B-B271-18EC874F693D} = {50A3BF91-5181-4EC6-998D-AD0B155AA33B}
		{AA400815-A1DA-4EC7-BFA3-E3732189EA1F} = {43C1D0B5-DB75-467C-B381-0341C5C7940E}
		{F5569F72-1384-42FF-AEFA-522F28C271FF} = {A46D57CA-78A7-414D-AA96-CDBB54EC36B7}
		{782A8C57-1DF5-4653-848A-BCD1799517F7} = {4CE810D4-98F2-45B7-BDB2-003863E5F81E}
	EndGlobalSection
	GlobalSection(ExtensibilityGlobals) = postSolution
		SolutionGuid = {CFF7A1AE-3206-439B-AD64-74AC8DF1AC1A}
	EndGlobalSection
EndGlobal
