
Microsoft Visual Studio Solution File, Format Version 12.00
# Visual Studio 15
VisualStudioVersion = 15.0.27130.2020
MinimumVisualStudioVersion = 10.0.40219.1
Project("{9A19103F-16F7-4668-BE54-9A1E7A4F7556}") = "HorseSharp", "HorseSharp.csproj", "{747CBDD6-5339-490C-87F9-8F633187E95D}"
EndProject
Project("{9A19103F-16F7-4668-BE54-9A1E7A4F7556}") = "ConsoleApp1", "..\ConsoleApp1\ConsoleApp1.csproj", "{756F1E4B-C550-4F16-A96A-CAB625B4E8BF}"
EndProject
Project("{9A19103F-16F7-4668-BE54-9A1E7A4F7556}") = "dnc", "..\dnc\dnc.csproj", "{738E01BD-566B-4C1E-BCC1-FE0765DEC7AA}"
EndProject
Project("{FAE04EC0-301F-11D3-BF4B-00C04F79EFBC}") = "WebApplication1", "..\WebApplication1\WebApplication1.csproj", "{C2F544F2-C400-417C-943C-019845157E82}"
EndProject
Global
	GlobalSection(SolutionConfigurationPlatforms) = preSolution
		Debug|Any CPU = Debug|Any CPU
		Release|Any CPU = Release|Any CPU
	EndGlobalSection
	GlobalSection(ProjectConfigurationPlatforms) = postSolution
		{747CBDD6-5339-490C-87F9-8F633187E95D}.Debug|Any CPU.ActiveCfg = Debug|Any CPU
		{747CBDD6-5339-490C-87F9-8F633187E95D}.Debug|Any CPU.Build.0 = Debug|Any CPU
		{747CBDD6-5339-490C-87F9-8F633187E95D}.Release|Any CPU.ActiveCfg = Release|Any CPU
		{747CBDD6-5339-490C-87F9-8F633187E95D}.Release|Any CPU.Build.0 = Release|Any CPU
		{756F1E4B-C550-4F16-A96A-CAB625B4E8BF}.Debug|Any CPU.ActiveCfg = Debug|Any CPU
		{756F1E4B-C550-4F16-A96A-CAB625B4E8BF}.Debug|Any CPU.Build.0 = Debug|Any CPU
		{756F1E4B-C550-4F16-A96A-CAB625B4E8BF}.Release|Any CPU.ActiveCfg = Release|Any CPU
		{756F1E4B-C550-4F16-A96A-CAB625B4E8BF}.Release|Any CPU.Build.0 = Release|Any CPU
		{738E01BD-566B-4C1E-BCC1-FE0765DEC7AA}.Debug|Any CPU.ActiveCfg = Debug|Any CPU
		{738E01BD-566B-4C1E-BCC1-FE0765DEC7AA}.Debug|Any CPU.Build.0 = Debug|Any CPU
		{738E01BD-566B-4C1E-BCC1-FE0765DEC7AA}.Release|Any CPU.ActiveCfg = Release|Any CPU
		{738E01BD-566B-4C1E-BCC1-FE0765DEC7AA}.Release|Any CPU.Build.0 = Release|Any CPU
		{C2F544F2-C400-417C-943C-019845157E82}.Debug|Any CPU.ActiveCfg = Debug|Any CPU
		{C2F544F2-C400-417C-943C-019845157E82}.Debug|Any CPU.Build.0 = Debug|Any CPU
		{C2F544F2-C400-417C-943C-019845157E82}.Release|Any CPU.ActiveCfg = Release|Any CPU
		{C2F544F2-C400-417C-943C-019845157E82}.Release|Any CPU.Build.0 = Release|Any CPU
	EndGlobalSection
	GlobalSection(SolutionProperties) = preSolution
		HideSolutionNode = FALSE
	EndGlobalSection
	GlobalSection(ExtensibilityGlobals) = postSolution
		SolutionGuid = {33E875C6-BBFF-4A84-A54D-6439F833C9ED}
	EndGlobalSection
EndGlobal
