
Microsoft Visual Studio Solution File, Format Version 12.00
# Visual Studio 15
VisualStudioVersion = 15.0.27703.2026
MinimumVisualStudioVersion = 10.0.40219.1
Project("{2150E333-8FDC-42A3-9474-1A3956D46DE8}") = "src", "src", "{98678242-C246-4132-BBD0-A5B768B38C31}"
EndProject
Project("{9A19103F-16F7-4668-BE54-9A1E7A4F7556}") = "Startup", "src\Startup.csproj", "{51F2DE73-4107-4C6A-994F-761AA8A397C1}"
EndProject
Global
	GlobalSection(SolutionConfigurationPlatforms) = preSolution
		Debug|Any CPU = Debug|Any CPU
		Release|Any CPU = Release|Any CPU
	EndGlobalSection
	GlobalSection(ProjectConfigurationPlatforms) = postSolution
		{51F2DE73-4107-4C6A-994F-761AA8A397C1}.Debug|Any CPU.ActiveCfg = Debug|Any CPU
		{51F2DE73-4107-4C6A-994F-761AA8A397C1}.Debug|Any CPU.Build.0 = Debug|Any CPU
		{51F2DE73-4107-4C6A-994F-761AA8A397C1}.Release|Any CPU.ActiveCfg = Release|Any CPU
		{51F2DE73-4107-4C6A-994F-761AA8A397C1}.Release|Any CPU.Build.0 = Release|Any CPU
	EndGlobalSection
	GlobalSection(SolutionProperties) = preSolution
		HideSolutionNode = FALSE
	EndGlobalSection
	GlobalSection(NestedProjects) = preSolution
		{51F2DE73-4107-4C6A-994F-761AA8A397C1} = {98678242-C246-4132-BBD0-A5B768B38C31}
	EndGlobalSection
	GlobalSection(ExtensibilityGlobals) = postSolution
		SolutionGuid = {898C9891-3BA4-40FC-A68D-CBD4216945C4}
	EndGlobalSection
EndGlobal
